
Microsoft Visual Studio Solution File, Format Version 12.00
# Visual Studio Version 17
VisualStudioVersion = 17.9.34728.123
MinimumVisualStudioVersion = 10.0.40219.1
Project("{FAE04EC0-301F-11D3-BF4B-00C04F79EFBC}") = "UserInterface", "UserInterface\UserInterface.csproj", "{2E322990-B1CE-4AD7-83B5-C8356D957757}"
EndProject
Project("{FAE04EC0-301F-11D3-BF4B-00C04F79EFBC}") = "Repository", "Repository\Repository.csproj", "{417D66AB-F1EB-4861-A231-169FA69AD273}"
EndProject
Project("{FAE04EC0-301F-11D3-BF4B-00C04F79EFBC}") = "Services", "Services\Services.csproj", "{4CDB344E-6376-4606-B91A-87B3944C291E}"
EndProject
Global
	GlobalSection(SolutionConfigurationPlatforms) = preSolution
		Debug|Any CPU = Debug|Any CPU
		Release|Any CPU = Release|Any CPU
	EndGlobalSection
	GlobalSection(ProjectConfigurationPlatforms) = postSolution
		{2E322990-B1CE-4AD7-83B5-C8356D957757}.Debug|Any CPU.ActiveCfg = Debug|Any CPU
		{2E322990-B1CE-4AD7-83B5-C8356D957757}.Debug|Any CPU.Build.0 = Debug|Any CPU
		{2E322990-B1CE-4AD7-83B5-C8356D957757}.Release|Any CPU.ActiveCfg = Release|Any CPU
		{2E322990-B1CE-4AD7-83B5-C8356D957757}.Release|Any CPU.Build.0 = Release|Any CPU
		{417D66AB-F1EB-4861-A231-169FA69AD273}.Debug|Any CPU.ActiveCfg = Debug|Any CPU
		{417D66AB-F1EB-4861-A231-169FA69AD273}.Debug|Any CPU.Build.0 = Debug|Any CPU
		{417D66AB-F1EB-4861-A231-169FA69AD273}.Release|Any CPU.ActiveCfg = Release|Any CPU
		{417D66AB-F1EB-4861-A231-169FA69AD273}.Release|Any CPU.Build.0 = Release|Any CPU
		{4CDB344E-6376-4606-B91A-87B3944C291E}.Debug|Any CPU.ActiveCfg = Debug|Any CPU
		{4CDB344E-6376-4606-B91A-87B3944C291E}.Debug|Any CPU.Build.0 = Debug|Any CPU
		{4CDB344E-6376-4606-B91A-87B3944C291E}.Release|Any CPU.ActiveCfg = Release|Any CPU
		{4CDB344E-6376-4606-B91A-87B3944C291E}.Release|Any CPU.Build.0 = Release|Any CPU
	EndGlobalSection
	GlobalSection(SolutionProperties) = preSolution
		HideSolutionNode = FALSE
	EndGlobalSection
	GlobalSection(ExtensibilityGlobals) = postSolution
		SolutionGuid = {34004E26-D036-42E8-8F3D-026E2AEA1E89}
	EndGlobalSection
EndGlobal
